Microsoft Visual Studio Solution File, Format Version 12.00
# Visual Studio Version 17
VisualStudioVersion = 17.5.33516.290
MinimumVisualStudioVersion = 10.0.40219.1
Project("{FAE04EC0-301F-11D3-BF4B-00C04F79EFBC}") = "Steganography", "Steganography.csproj", "{63DC1241-6BD9-4BA3-B621-342C681B7EC6}"
EndProject
Global
	GlobalSection(SolutionConfigurationPlatforms) = preSolution
		Debug|Any CPU = Debug|Any CPU
		Release|Any CPU = Release|Any CPU
	EndGlobalSection
	GlobalSection(ProjectConfigurationPlatforms) = postSolution
		{63DC1241-6BD9-4BA3-B621-342C681B7EC6}.Debug|Any CPU.ActiveCfg = Debug|Any CPU
		{63DC1241-6BD9-4BA3-B621-342C681B7EC6}.Debug|Any CPU.Build.0 = Debug|Any CPU
		{63DC1241-6BD9-4BA3-B621-342C681B7EC6}.Release|Any CPU.ActiveCfg = Release|Any CPU
		{63DC1241-6BD9-4BA3-B621-342C681B7EC6}.Release|Any CPU.Build.0 = Release|Any CPU
	EndGlobalSection
	GlobalSection(SolutionProperties) = preSolution
		HideSolutionNode = FALSE
	EndGlobalSection
	GlobalSection(ExtensibilityGlobals) = postSolution
		SolutionGuid = {BDED4DCF-4A32-4718-8A81-B5383436895A}
	EndGlobalSection
EndGlobal
